// !$*UTF8*$!
{
	archiveVersion = 1;
	classes = {
	};
	objectVersion = 50;
	objects = {

/* Begin PBXBuildFile section */
		D534EA0C262E488500BDBF10 /* ArticlesViewModel.swift in Sources */ = {isa = PBXBuildFile; fileRef = D534EA0B262E488500BDBF10 /* ArticlesViewModel.swift */; };
		D534EA20262E4A0200BDBF10 /* ArticlesTableViewController.swift in Sources */ = {isa = PBXBuildFile; fileRef = D534EA1E262E4A0200BDBF10 /* ArticlesTableViewController.swift */; };
		D534EA3C26306CC500BDBF10 /* RESTService.swift in Sources */ = {isa = PBXBuildFile; fileRef = D534EA3B26306CC500BDBF10 /* RESTService.swift */; };
		D534EA42263070B600BDBF10 /* Article.swift in Sources */ = {isa = PBXBuildFile; fileRef = D534EA41263070B600BDBF10 /* Article.swift */; };
		D534EA4826309EEC00BDBF10 /* HTTPMethod.swift in Sources */ = {isa = PBXBuildFile; fileRef = D534EA4726309EEC00BDBF10 /* HTTPMethod.swift */; };
		D534EA4B26309F4700BDBF10 /* RESTError.swift in Sources */ = {isa = PBXBuildFile; fileRef = D534EA4A26309F4700BDBF10 /* RESTError.swift */; };
		D534EA4E26309FEA00BDBF10 /* RESTRequest.swift in Sources */ = {isa = PBXBuildFile; fileRef = D534EA4D26309FEA00BDBF10 /* RESTRequest.swift */; };
		D534EA532630A3E800BDBF10 /* News.swift in Sources */ = {isa = PBXBuildFile; fileRef = D534EA522630A3E800BDBF10 /* News.swift */; };
		D534EA572630A3F300BDBF10 /* Source.swift in Sources */ = {isa = PBXBuildFile; fileRef = D534EA562630A3F300BDBF10 /* Source.swift */; };
		D534EA5B2630A49800BDBF10 /* ArticlesAPI.swift in Sources */ = {isa = PBXBuildFile; fileRef = D534EA5A2630A49800BDBF10 /* ArticlesAPI.swift */; };
		D534EA5F2630A4BB00BDBF10 /* ArticlesNetworkManager.swift in Sources */ = {isa = PBXBuildFile; fileRef = D534EA5E2630A4BB00BDBF10 /* ArticlesNetworkManager.swift */; };
		D534EA872632599C00BDBF10 /* ArticlesTableViewCell.swift in Sources */ = {isa = PBXBuildFile; fileRef = D534EA852632599C00BDBF10 /* ArticlesTableViewCell.swift */; };
		D534EA882632599C00BDBF10 /* ArticlesTableViewCell.xib in Resources */ = {isa = PBXBuildFile; fileRef = D534EA862632599C00BDBF10 /* ArticlesTableViewCell.xib */; };
		D5E5114E262E430C009E86E2 /* AppDelegate.swift in Sources */ = {isa = PBXBuildFile; fileRef = D5E5114D262E430C009E86E2 /* AppDelegate.swift */; };
		D5E51150262E430C009E86E2 /* SceneDelegate.swift in Sources */ = {isa = PBXBuildFile; fileRef = D5E5114F262E430C009E86E2 /* SceneDelegate.swift */; };
		D5E51157262E4310009E86E2 /* Assets.xcassets in Resources */ = {isa = PBXBuildFile; fileRef = D5E51156262E4310009E86E2 /* Assets.xcassets */; };
		D5E5115A262E4310009E86E2 /* LaunchScreen.storyboard in Resources */ = {isa = PBXBuildFile; fileRef = D5E51158262E4310009E86E2 /* LaunchScreen.storyboard */; };
/* End PBXBuildFile section */

/* Begin PBXFileReference section */
		D534EA0B262E488500BDBF10 /* ArticlesViewModel.swift */ = {isa = PBXFileReference; lastKnownFileType = sourcecode.swift; path = ArticlesViewModel.swift; sourceTree = "<group>"; };
		D534EA1E262E4A0200BDBF10 /* ArticlesTableViewController.swift */ = {isa = PBXFileReference; lastKnownFileType = sourcecode.swift; path = ArticlesTableViewController.swift; sourceTree = "<group>"; };
		D534EA3B26306CC500BDBF10 /* RESTService.swift */ = {isa = PBXFileReference; lastKnownFileType = sourcecode.swift; path = RESTService.swift; sourceTree = "<group>"; };
		D534EA41263070B600BDBF10 /* Article.swift */ = {isa = PBXFileReference; lastKnownFileType = sourcecode.swift; path = Article.swift; sourceTree = "<group>"; };
		D534EA4726309EEC00BDBF10 /* HTTPMethod.swift */ = {isa = PBXFileReference; lastKnownFileType = sourcecode.swift; path = HTTPMethod.swift; sourceTree = "<group>"; };
		D534EA4A26309F4700BDBF10 /* RESTError.swift */ = {isa = PBXFileReference; lastKnownFileType = sourcecode.swift; path = RESTError.swift; sourceTree = "<group>"; };
		D534EA4D26309FEA00BDBF10 /* RESTRequest.swift */ = {isa = PBXFileReference; lastKnownFileType = sourcecode.swift; path = RESTRequest.swift; sourceTree = "<group>"; };
		D534EA522630A3E800BDBF10 /* News.swift */ = {isa = PBXFileReference; lastKnownFileType = sourcecode.swift; path = News.swift; sourceTree = "<group>"; };
		D534EA562630A3F300BDBF10 /* Source.swift */ = {isa = PBXFileReference; lastKnownFileType = sourcecode.swift; path = Source.swift; sourceTree = "<group>"; };
		D534EA5A2630A49800BDBF10 /* ArticlesAPI.swift */ = {isa = PBXFileReference; lastKnownFileType = sourcecode.swift; path = ArticlesAPI.swift; sourceTree = "<group>"; };
		D534EA5E2630A4BB00BDBF10 /* ArticlesNetworkManager.swift */ = {isa = PBXFileReference; lastKnownFileType = sourcecode.swift; path = ArticlesNetworkManager.swift; sourceTree = "<group>"; };
		D534EA852632599C00BDBF10 /* ArticlesTableViewCell.swift */ = {isa = PBXFileReference; lastKnownFileType = sourcecode.swift; path = ArticlesTableViewCell.swift; sourceTree = "<group>"; };
		D534EA862632599C00BDBF10 /* ArticlesTableViewCell.xib */ = {isa = PBXFileReference; lastKnownFileType = file.xib; path = ArticlesTableViewCell.xib; sourceTree = "<group>"; };
		D534EAC12634BDF300BDBF10 /* Config.xcconfig */ = {isa = PBXFileReference; lastKnownFileType = text.xcconfig; path = Config.xcconfig; sourceTree = "<group>"; };
		D5E5114A262E430C009E86E2 /* GoodNews.app */ = {isa = PBXFileReference; explicitFileType = wrapper.application; includeInIndex = 0; path = GoodNews.app; sourceTree = BUILT_PRODUCTS_DIR; };
		D5E5114D262E430C009E86E2 /* AppDelegate.swift */ = {isa = PBXFileReference; lastKnownFileType = sourcecode.swift; path = AppDelegate.swift; sourceTree = "<group>"; };
		D5E5114F262E430C009E86E2 /* SceneDelegate.swift */ = {isa = PBXFileReference; lastKnownFileType = sourcecode.swift; path = SceneDelegate.swift; sourceTree = "<group>"; };
		D5E51156262E4310009E86E2 /* Assets.xcassets */ = {isa = PBXFileReference; lastKnownFileType = folder.assetcatalog; path = Assets.xcassets; sourceTree = "<group>"; };
		D5E51159262E4310009E86E2 /* Base */ = {isa = PBXFileReference; lastKnownFileType = file.storyboard; name = Base; path = Base.lproj/LaunchScreen.storyboard; sourceTree = "<group>"; };
		D5E5115B262E4310009E86E2 /* Info.plist */ = {isa = PBXFileReference; lastKnownFileType = text.plist.xml; path = Info.plist; sourceTree = "<group>"; };
/* End PBXFileReference section */

/* Begin PBXFrameworksBuildPhase section */
		D5E51147262E430C009E86E2 /* Frameworks */ = {
			isa = PBXFrameworksBuildPhase;
			buildActionMask = 2147483647;
			files = (
			);
			runOnlyForDeploymentPostprocessing = 0;
		};
/* End PBXFrameworksBuildPhase section */

/* Begin PBXGroup section */
		D534EA07262E472200BDBF10 /* News */ = {
			isa = PBXGroup;
			children = (
				D534EA592630A48000BDBF10 /* Manager */,
				D534EA11262E489E00BDBF10 /* Components */,
				D534EA0B262E488500BDBF10 /* ArticlesViewModel.swift */,
				D534EA1E262E4A0200BDBF10 /* ArticlesTableViewController.swift */,
			);
			path = News;
			sourceTree = "<group>";
		};
		D534EA11262E489E00BDBF10 /* Components */ = {
			isa = PBXGroup;
			children = (
				D534EA852632599C00BDBF10 /* ArticlesTableViewCell.swift */,
				D534EA862632599C00BDBF10 /* ArticlesTableViewCell.xib */,
			);
			path = Components;
			sourceTree = "<group>";
		};
		D534EA1A262E497F00BDBF10 /* Base */ = {
			isa = PBXGroup;
			children = (
				D5E5114D262E430C009E86E2 /* AppDelegate.swift */,
				D5E5114F262E430C009E86E2 /* SceneDelegate.swift */,
			);
			path = Base;
			sourceTree = "<group>";
		};
		D534EA1B262E498D00BDBF10 /* Resources */ = {
			isa = PBXGroup;
			children = (
				D5E51156262E4310009E86E2 /* Assets.xcassets */,
				D5E51158262E4310009E86E2 /* LaunchScreen.storyboard */,
				D534EAC12634BDF300BDBF10 /* Config.xcconfig */,
			);
			path = Resources;
			sourceTree = "<group>";
		};
		D534EA3A26306CAD00BDBF10 /* RestServices */ = {
			isa = PBXGroup;
			children = (
				D534EA4726309EEC00BDBF10 /* HTTPMethod.swift */,
				D534EA4A26309F4700BDBF10 /* RESTError.swift */,
				D534EA4D26309FEA00BDBF10 /* RESTRequest.swift */,
				D534EA3B26306CC500BDBF10 /* RESTService.swift */,
			);
			path = RestServices;
			sourceTree = "<group>";
		};
		D534EA40263070A400BDBF10 /* Models */ = {
			isa = PBXGroup;
			children = (
				D534EA512630A3DB00BDBF10 /* News */,
			);
			path = Models;
			sourceTree = "<group>";
		};
		D534EA512630A3DB00BDBF10 /* News */ = {
			isa = PBXGroup;
			children = (
				D534EA522630A3E800BDBF10 /* News.swift */,
				D534EA41263070B600BDBF10 /* Article.swift */,
				D534EA562630A3F300BDBF10 /* Source.swift */,
			);
			path = News;
			sourceTree = "<group>";
		};
		D534EA592630A48000BDBF10 /* Manager */ = {
			isa = PBXGroup;
			children = (
				D534EA5A2630A49800BDBF10 /* ArticlesAPI.swift */,
				D534EA5E2630A4BB00BDBF10 /* ArticlesNetworkManager.swift */,
			);
			path = Manager;
			sourceTree = "<group>";
		};
		D5E51141262E430C009E86E2 = {
			isa = PBXGroup;
			children = (
				D5E5114C262E430C009E86E2 /* GoodNews */,
				D5E5114B262E430C009E86E2 /* Products */,
			);
			sourceTree = "<group>";
		};
		D5E5114B262E430C009E86E2 /* Products */ = {
			isa = PBXGroup;
			children = (
				D5E5114A262E430C009E86E2 /* GoodNews.app */,
			);
			name = Products;
			sourceTree = "<group>";
		};
		D5E5114C262E430C009E86E2 /* GoodNews */ = {
			isa = PBXGroup;
			children = (
				D534EA40263070A400BDBF10 /* Models */,
				D534EA3A26306CAD00BDBF10 /* RestServices */,
				D534EA1B262E498D00BDBF10 /* Resources */,
				D534EA1A262E497F00BDBF10 /* Base */,
				D534EA07262E472200BDBF10 /* News */,
				D5E5115B262E4310009E86E2 /* Info.plist */,
			);
			path = GoodNews;
			sourceTree = "<group>";
		};
/* End PBXGroup section */

/* Begin PBXNativeTarget section */
		D5E51149262E430C009E86E2 /* GoodNews */ = {
			isa = PBXNativeTarget;
			buildConfigurationList = D5E5115E262E4310009E86E2 /* Build configuration list for PBXNativeTarget "GoodNews" */;
			buildPhases = (
				D5E51146262E430C009E86E2 /* Sources */,
				D5E51147262E430C009E86E2 /* Frameworks */,
				D5E51148262E430C009E86E2 /* Resources */,
			);
			buildRules = (
			);
			dependencies = (
			);
			name = GoodNews;
			productName = GoodNews;
			productReference = D5E5114A262E430C009E86E2 /* GoodNews.app */;
			productType = "com.apple.product-type.application";
		};
/* End PBXNativeTarget section */

/* Begin PBXProject section */
		D5E51142262E430C009E86E2 /* Project object */ = {
			isa = PBXProject;
			attributes = {
				LastSwiftUpdateCheck = 1240;
				LastUpgradeCheck = 1240;
				TargetAttributes = {
					D5E51149262E430C009E86E2 = {
						CreatedOnToolsVersion = 12.4;
					};
				};
			};
			buildConfigurationList = D5E51145262E430C009E86E2 /* Build configuration list for PBXProject "GoodNews" */;
			compatibilityVersion = "Xcode 9.3";
			developmentRegion = en;
			hasScannedForEncodings = 0;
			knownRegions = (
				en,
				Base,
			);
			mainGroup = D5E51141262E430C009E86E2;
			productRefGroup = D5E5114B262E430C009E86E2 /* Products */;
			projectDirPath = "";
			projectRoot = "";
			targets = (
				D5E51149262E430C009E86E2 /* GoodNews */,
			);
		};
/* End PBXProject section */

/* Begin PBXResourcesBuildPhase section */
		D5E51148262E430C009E86E2 /* Resources */ = {
			isa = PBXResourcesBuildPhase;
			buildActionMask = 2147483647;
			files = (
				D5E5115A262E4310009E86E2 /* LaunchScreen.storyboard in Resources */,
				D534EA882632599C00BDBF10 /* ArticlesTableViewCell.xib in Resources */,
				D5E51157262E4310009E86E2 /* Assets.xcassets in Resources */,
			);
			runOnlyForDeploymentPostprocessing = 0;
		};
/* End PBXResourcesBuildPhase section */

/* Begin PBXSourcesBuildPhase section */
		D5E51146262E430C009E86E2 /* Sources */ = {
			isa = PBXSourcesBuildPhase;
			buildActionMask = 2147483647;
			files = (
				D534EA3C26306CC500BDBF10 /* RESTService.swift in Sources */,
				D5E5114E262E430C009E86E2 /* AppDelegate.swift in Sources */,
				D534EA4B26309F4700BDBF10 /* RESTError.swift in Sources */,
				D5E51150262E430C009E86E2 /* SceneDelegate.swift in Sources */,
				D534EA4E26309FEA00BDBF10 /* RESTRequest.swift in Sources */,
				D534EA5B2630A49800BDBF10 /* ArticlesAPI.swift in Sources */,
				D534EA20262E4A0200BDBF10 /* ArticlesTableViewController.swift in Sources */,
				D534EA532630A3E800BDBF10 /* News.swift in Sources */,
				D534EA42263070B600BDBF10 /* Article.swift in Sources */,
				D534EA4826309EEC00BDBF10 /* HTTPMethod.swift in Sources */,
				D534EA872632599C00BDBF10 /* ArticlesTableViewCell.swift in Sources */,
				D534EA0C262E488500BDBF10 /* ArticlesViewModel.swift in Sources */,
				D534EA5F2630A4BB00BDBF10 /* ArticlesNetworkManager.swift in Sources */,
				D534EA572630A3F300BDBF10 /* Source.swift in Sources */,
			);
			runOnlyForDeploymentPostprocessing = 0;
		};
/* End PBXSourcesBuildPhase section */

/* Begin PBXVariantGroup section */
		D5E51158262E4310009E86E2 /* LaunchScreen.storyboard */ = {
			isa = PBXVariantGroup;
			children = (
				D5E51159262E4310009E86E2 /* Base */,
			);
			name = LaunchScreen.storyboard;
			sourceTree = "<group>";
		};
/* End PBXVariantGroup section */

/* Begin XCBuildConfiguration section */
		D5E5115C262E4310009E86E2 /* Debug */ = {
			isa = XCBuildConfiguration;
			baseConfigurationReference = D534EAC12634BDF300BDBF10 /* Config.xcconfig */;
			buildSettings = {
				ALWAYS_SEARCH_USER_PATHS = NO;
				CLANG_ANALYZER_NONNULL = YES;
				CLANG_ANALYZER_NUMBER_OBJECT_CONVERSION = YES_AGGRESSIVE;
				CLANG_CXX_LANGUAGE_STANDARD = "gnu++14";
				CLANG_CXX_LIBRARY = "libc++";
				CLANG_ENABLE_MODULES = YES;
				CLANG_ENABLE_OBJC_ARC = YES;
				CLANG_ENABLE_OBJC_WEAK = YES;
				CLANG_WARN_BLOCK_CAPTURE_AUTORELEASING = YES;
				CLANG_WARN_BOOL_CONVERSION = YES;
				CLANG_WARN_COMMA = YES;
				CLANG_WARN_CONSTANT_CONVERSION = YES;
				CLANG_WARN_DEPRECATED_OBJC_IMPLEMENTATIONS = YES;
				CLANG_WARN_DIRECT_OBJC_ISA_USAGE = YES_ERROR;
				CLANG_WARN_DOCUMENTATION_COMMENTS = YES;
				CLANG_WARN_EMPTY_BODY = YES;
				CLANG_WARN_ENUM_CONVERSION = YES;
				CLANG_WARN_INFINITE_RECURSION = YES;
				CLANG_WARN_INT_CONVERSION = YES;
				CLANG_WARN_NON_LITERAL_NULL_CONVERSION = YES;
				CLANG_WARN_OBJC_IMPLICIT_RETAIN_SELF = YES;
				CLANG_WARN_OBJC_LITERAL_CONVERSION = YES;
				CLANG_WARN_OBJC_ROOT_CLASS = YES_ERROR;
				CLANG_WARN_QUOTED_INCLUDE_IN_FRAMEWORK_HEADER = YES;
				CLANG_WARN_RANGE_LOOP_ANALYSIS = YES;
				CLANG_WARN_STRICT_PROTOTYPES = YES;
				CLANG_WARN_SUSPICIOUS_MOVE = YES;
				CLANG_WARN_UNGUARDED_AVAILABILITY = YES_AGGRESSIVE;
				CLANG_WARN_UNREACHABLE_CODE = YES;
				CLANG_WARN__DUPLICATE_METHOD_MATCH = YES;
				COPY_PHASE_STRIP = NO;
				DEBUG_INFORMATION_FORMAT = dwarf;
				ENABLE_STRICT_OBJC_MSGSEND = YES;
				ENABLE_TESTABILITY = YES;
				GCC_C_LANGUAGE_STANDARD = gnu11;
				GCC_DYNAMIC_NO_PIC = NO;
				GCC_NO_COMMON_BLOCKS = YES;
				GCC_OPTIMIZATION_LEVEL = 0;
				GCC_PREPROCESSOR_DEFINITIONS = (
					"DEBUG=1",
					"$(inherited)",
				);
				GCC_WARN_64_TO_32_BIT_CONVERSION = YES;
				GCC_WARN_ABOUT_RETURN_TYPE = YES_ERROR;
				GCC_WARN_UNDECLARED_SELECTOR = YES;
				GCC_WARN_UNINITIALIZED_AUTOS = YES_AGGRESSIVE;
				GCC_WARN_UNUSED_FUNCTION = YES;
				GCC_WARN_UNUSED_VARIABLE = YES;
				IPHONEOS_DEPLOYMENT_TARGET = 14.4;
				MTL_ENABLE_DEBUG_INFO = INCLUDE_SOURCE;
				MTL_FAST_MATH = YES;
				ONLY_ACTIVE_ARCH = YES;
				SDKROOT = iphoneos;
				SWIFT_ACTIVE_COMPILATION_CONDITIONS = DEBUG;
				SWIFT_OPTIMIZATION_LEVEL = "-Onone";
			};
			name = Debug;
		};
		D5E5115D262E4310009E86E2 /* Release */ = {
			isa = XCBuildConfiguration;
			baseConfigurationReference = D534EAC12634BDF300BDBF10 /* Config.xcconfig */;
			buildSettings = {
				ALWAYS_SEARCH_USER_PATHS = NO;
				CLANG_ANALYZER_NONNULL = YES;
				CLANG_ANALYZER_NUMBER_OBJECT_CONVERSION = YES_AGGRESSIVE;
				CLANG_CXX_LANGUAGE_STANDARD = "gnu++14";
				CLANG_CXX_LIBRARY = "libc++";
				CLANG_ENABLE_MODULES = YES;
				CLANG_ENABLE_OBJC_ARC = YES;
				CLANG_ENABLE_OBJC_WEAK = YES;
				CLANG_WARN_BLOCK_CAPTURE_AUTORELEASING = YES;
				CLANG_WARN_BOOL_CONVERSION = YES;
				CLANG_WARN_COMMA = YES;
				CLANG_WARN_CONSTANT_CONVERSION = YES;
				CLANG_WARN_DEPRECATED_OBJC_IMPLEMENTATIONS = YES;
				CLANG_WARN_DIRECT_OBJC_ISA_USAGE = YES_ERROR;
				CLANG_WARN_DOCUMENTATION_COMMENTS = YES;
				CLANG_WARN_EMPTY_BODY = YES;
				CLANG_WARN_ENUM_CONVERSION = YES;
				CLANG_WARN_INFINITE_RECURSION = YES;
				CLANG_WARN_INT_CONVERSION = YES;
				CLANG_WARN_NON_LITERAL_NULL_CONVERSION = YES;
				CLANG_WARN_OBJC_IMPLICIT_RETAIN_SELF = YES;
				CLANG_WARN_OBJC_LITERAL_CONVERSION = YES;
				CLANG_WARN_OBJC_ROOT_CLASS = YES_ERROR;
				CLANG_WARN_QUOTED_INCLUDE_IN_FRAMEWORK_HEADER = YES;
				CLANG_WARN_RANGE_LOOP_ANALYSIS = YES;
				CLANG_WARN_STRICT_PROTOTYPES = YES;
				CLANG_WARN_SUSPICIOUS_MOVE = YES;
				CLANG_WARN_UNGUARDED_AVAILABILITY = YES_AGGRESSIVE;
				CLANG_WARN_UNREACHABLE_CODE = YES;
				CLANG_WARN__DUPLICATE_METHOD_MATCH = YES;
				COPY_PHASE_STRIP = NO;
				DEBUG_INFORMATION_FORMAT = "dwarf-with-dsym";
				ENABLE_NS_ASSERTIONS = NO;
				ENABLE_STRICT_OBJC_MSGSEND = YES;
				GCC_C_LANGUAGE_STANDARD = gnu11;
				GCC_NO_COMMON_BLOCKS = YES;
				GCC_WARN_64_TO_32_BIT_CONVERSION = YES;
				GCC_WARN_ABOUT_RETURN_TYPE = YES_ERROR;
				GCC_WARN_UNDECLARED_SELECTOR = YES;
				GCC_WARN_UNINITIALIZED_AUTOS = YES_AGGRESSIVE;
				GCC_WARN_UNUSED_FUNCTION = YES;
				GCC_WARN_UNUSED_VARIABLE = YES;
				IPHONEOS_DEPLOYMENT_TARGET = 14.4;
				MTL_ENABLE_DEBUG_INFO = NO;
				MTL_FAST_MATH = YES;
				SDKROOT = iphoneos;
				SWIFT_COMPILATION_MODE = wholemodule;
				SWIFT_OPTIMIZATION_LEVEL = "-O";
				VALIDATE_PRODUCT = YES;
			};
			name = Release;
		};
		D5E5115F262E4310009E86E2 /* Debug */ = {
			isa = XCBuildConfiguration;
			buildSettings = {
				ASSETCATALOG_COMPILER_APPICON_NAME = AppIcon;
				ASSETCATALOG_COMPILER_GLOBAL_ACCENT_COLOR_NAME = AccentColor;
				CODE_SIGN_STYLE = Automatic;
				DEVELOPMENT_TEAM = W446NSR2M3;
				INFOPLIST_FILE = GoodNews/Info.plist;
				LD_RUNPATH_SEARCH_PATHS = (
					"$(inherited)",
					"@executable_path/Frameworks",
				);
				PRODUCT_BUNDLE_IDENTIFIER = com.rodrigoconte.GoodNews;
				PRODUCT_NAME = "$(TARGET_NAME)";
				SWIFT_VERSION = 5.0;
				TARGETED_DEVICE_FAMILY = "1,2";
			};
			name = Debug;
		};
		D5E51160262E4310009E86E2 /* Release */ = {
			isa = XCBuildConfiguration;
			buildSettings = {
				ASSETCATALOG_COMPILER_APPICON_NAME = AppIcon;
				ASSETCATALOG_COMPILER_GLOBAL_ACCENT_COLOR_NAME = AccentColor;
				CODE_SIGN_STYLE = Automatic;
				DEVELOPMENT_TEAM = W446NSR2M3;
				INFOPLIST_FILE = GoodNews/Info.plist;
				LD_RUNPATH_SEARCH_PATHS = (
					"$(inherited)",
					"@executable_path/Frameworks",
				);
				PRODUCT_BUNDLE_IDENTIFIER = com.rodrigoconte.GoodNews;
				PRODUCT_NAME = "$(TARGET_NAME)";
				SWIFT_VERSION = 5.0;
				TARGETED_DEVICE_FAMILY = "1,2";
			};
			name = Release;
		};
/* End XCBuildConfiguration section */

/* Begin XCConfigurationList section */
		D5E51145262E430C009E86E2 /* Build configuration list for PBXProject "GoodNews" */ = {
			isa = XCConfigurationList;
			buildConfigurations = (
				D5E5115C262E4310009E86E2 /* Debug */,
				D5E5115D262E4310009E86E2 /* Release */,
			);
			defaultConfigurationIsVisible = 0;
			defaultConfigurationName = Release;
		};
		D5E5115E262E4310009E86E2 /* Build configuration list for PBXNativeTarget "GoodNews" */ = {
			isa = XCConfigurationList;
			buildConfigurations = (
				D5E5115F262E4310009E86E2 /* Debug */,
				D5E51160262E4310009E86E2 /* Release */,
			);
			defaultConfigurationIsVisible = 0;
			defaultConfigurationName = Release;
		};
/* End XCConfigurationList section */
	};
	rootObject = D5E51142262E430C009E86E2 /* Project object */;
}
